PODS:
  - FlutterMacOS (1.0.0)
  - uri_content (0.0.1):
    - FlutterMacOS

DEPENDENCIES:
  - FlutterMacOS (from `Flutter/ephemeral`)
  - uri_content (from `Flutter/ephemeral/.symlinks/plugins/uri_content/macos`)

EXTERNAL SOURCES:
  FlutterMacOS:
    :path: Flutter/ephemeral
  uri_content:
    :path: Flutter/ephemeral/.symlinks/plugins/uri_content/macos

SPEC CHECKSUMS:
  FlutterMacOS: 8f6f14fa908a6fb3fba0cd85dbd81ec4b251fb24
  uri_content: bfedc2e58f0ee4de88a63e5bcb826398389b22cb

PODFILE CHECKSUM: 353c8bcc5d5b0994e508d035b5431cfe18c1dea7

COCOAPODS: 1.11.3
