PODS:
  - FlutterMacOS (1.0.0)
  - uri_content (0.0.1):
    - FlutterMacOS

DEPENDENCIES:
  - FlutterMacOS (from `Flutter/ephemeral`)
  - uri_content (from `Flutter/ephemeral/.symlinks/plugins/uri_content/macos`)

EXTERNAL SOURCES:
  FlutterMacOS:
    :path: Flutter/ephemeral
  uri_content:
    :path: Flutter/ephemeral/.symlinks/plugins/uri_content/macos

SPEC CHECKSUMS:
  FlutterMacOS: 8f6f14fa908a6fb3fba0cd85dbd81ec4b251fb24
  uri_content: 891fa09c9dda47b6e3c77d79fcf4449fd6301ba9

PODFILE CHECKSUM: 7eb978b976557c8c1cd717d8185ec483fd090a82

COCOAPODS: 1.16.2
